// !$*UTF8*$!
{
	archiveVersion = 1;
	classes = {
	};
	objectVersion = 46;
	objects = {

/* Begin PBXBuildFile section */
		041D01651BD4DAF200847FD3 /* main.m in Sources */ = {isa = PBXBuildFile; fileRef = 041D01641BD4DAF200847FD3 /* main.m */; };
		041D01681BD4DAF300847FD3 /* AppDelegate.m in Sources */ = {isa = PBXBuildFile; fileRef = 041D01671BD4DAF300847FD3 /* AppDelegate.m */; };
		041D016B1BD4DAF300847FD3 /* ViewController.m in Sources */ = {isa = PBXBuildFile; fileRef = 041D016A1BD4DAF300847FD3 /* ViewController.m */; };
		041D016E1BD4DAF300847FD3 /* Main.storyboard in Resources */ = {isa = PBXBuildFile; fileRef = 041D016C1BD4DAF300847FD3 /* Main.storyboard */; };
		041D01701BD4DAF300847FD3 /* Assets.xcassets in Resources */ = {isa = PBXBuildFile; fileRef = 041D016F1BD4DAF300847FD3 /* Assets.xcassets */; };
		041D01731BD4DAF300847FD3 /* LaunchScreen.storyboard in Resources */ = {isa = PBXBuildFile; fileRef = 041D01711BD4DAF300847FD3 /* LaunchScreen.storyboard */; };
		041D017B1BD4DDB000847FD3 /* Settings.bundle in Resources */ = {isa = PBXBuildFile; fileRef = 041D017A1BD4DDB000847FD3 /* Settings.bundle */; };
		041D017E1BD4DF5F00847FD3 /* MDDirectionService.m in Sources */ = {isa = PBXBuildFile; fileRef = 041D017D1BD4DF5F00847FD3 /* MDDirectionService.m */; };
		041D01811BD4EB8B00847FD3 /* SearchViewController.m in Sources */ = {isa = PBXBuildFile; fileRef = 041D01801BD4EB8B00847FD3 /* SearchViewController.m */; };
		041D01841BD4EBB200847FD3 /* GCGeocodingService.m in Sources */ = {isa = PBXBuildFile; fileRef = 041D01831BD4EBB200847FD3 /* GCGeocodingService.m */; };
		041D01871BD4EBEA00847FD3 /* DirectionMainViewController.m in Sources */ = {isa = PBXBuildFile; fileRef = 041D01861BD4EBEA00847FD3 /* DirectionMainViewController.m */; };
		041D018A1BD4EC1400847FD3 /* DetailsViewController.m in Sources */ = {isa = PBXBuildFile; fileRef = 041D01891BD4EC1400847FD3 /* DetailsViewController.m */; };
		041D018D1BD4EC3800847FD3 /* ContainerViewController.m in Sources */ = {isa = PBXBuildFile; fileRef = 041D018C1BD4EC3800847FD3 /* ContainerViewController.m */; };
		041D01901BD4EC6100847FD3 /* DetailsContainerVC.m in Sources */ = {isa = PBXBuildFile; fileRef = 041D018F1BD4EC6100847FD3 /* DetailsContainerVC.m */; };
		041D01931BD739A500847FD3 /* InputAddressViewController.m in Sources */ = {isa = PBXBuildFile; fileRef = 041D01921BD739A500847FD3 /* InputAddressViewController.m */; };
		0438ABC01BD90A0A007F9EA9 /* MBProgressHUD.m in Sources */ = {isa = PBXBuildFile; fileRef = 0438ABBF1BD90A0A007F9EA9 /* MBProgressHUD.m */; };
		04BE56D51BDA226A0007EA61 /* HistoryTableViewCell.m in Sources */ = {isa = PBXBuildFile; fileRef = 04BE56D31BDA226A0007EA61 /* HistoryTableViewCell.m */; };
		04BE56D61BDA226A0007EA61 /* HistoryTableViewCell.xib in Resources */ = {isa = PBXBuildFile; fileRef = 04BE56D41BDA226A0007EA61 /* HistoryTableViewCell.xib */; };
		04BE56DE1BDB4EF70007EA61 /* HistoryTableViewController.m in Sources */ = {isa = PBXBuildFile; fileRef = 04BE56DD1BDB4EF70007EA61 /* HistoryTableViewController.m */; };
		04BE56E31BDB53EE0007EA61 /* SingleHistoryTabelViewCell.m in Sources */ = {isa = PBXBuildFile; fileRef = 04BE56E11BDB53EE0007EA61 /* SingleHistoryTabelViewCell.m */; };
		04BE56E41BDB53EE0007EA61 /* SingleHistoryTabelViewCell.xib in Resources */ = {isa = PBXBuildFile; fileRef = 04BE56E21BDB53EE0007EA61 /* SingleHistoryTabelViewCell.xib */; };
		04BE56E71BDB567C0007EA61 /* gps-mapping.png in Resources */ = {isa = PBXBuildFile; fileRef = 04BE56E51BDB567C0007EA61 /* gps-mapping.png */; };
		04BE56E81BDB567C0007EA61 /* mapbox_symbol.png in Resources */ = {isa = PBXBuildFile; fileRef = 04BE56E61BDB567C0007EA61 /* mapbox_symbol.png */; };
		04BE56EA1BDB581D0007EA61 /* MB__back.png in Resources */ = {isa = PBXBuildFile; fileRef = 04BE56E91BDB581D0007EA61 /* MB__back.png */; };
		04BE56EC1BDB583C0007EA61 /* Icons8-Ios7-Arrows-Back.ico in Resources */ = {isa = PBXBuildFile; fileRef = 04BE56EB1BDB583C0007EA61 /* Icons8-Ios7-Arrows-Back.ico */; };
		04BE56EE1BDB58E70007EA61 /* ic_search_48px-128.png in Resources */ = {isa = PBXBuildFile; fileRef = 04BE56ED1BDB58E70007EA61 /* ic_search_48px-128.png */; };
		04BE56F11BDBB7700007EA61 /* DetailsTableViewController.m in Sources */ = {isa = PBXBuildFile; fileRef = 04BE56F01BDBB7700007EA61 /* DetailsTableViewController.m */; };
		04BE56F51BDBB85D0007EA61 /* DetailsTableViewCell.m in Sources */ = {isa = PBXBuildFile; fileRef = 04BE56F31BDBB85D0007EA61 /* DetailsTableViewCell.m */; };
		04BE56F61BDBB85D0007EA61 /* DetailsTableViewCell.xib in Resources */ = {isa = PBXBuildFile; fileRef = 04BE56F41BDBB85D0007EA61 /* DetailsTableViewCell.xib */; };
		04BE57071BDC89030007EA61 /* ReachedYourDestination.png in Resources */ = {isa = PBXBuildFile; fileRef = 04BE56F71BDC89030007EA61 /* ReachedYourDestination.png */; };
		04BE570A1BDC89030007EA61 /* EnterRoundAbout.png in Resources */ = {isa = PBXBuildFile; fileRef = 04BE56FA1BDC89030007EA61 /* EnterRoundAbout.png */; };
		04BE570B1BDC89030007EA61 /* LeaveRoundAbout.png in Resources */ = {isa = PBXBuildFile; fileRef = 04BE56FB1BDC89030007EA61 /* LeaveRoundAbout.png */; };
		04BE570C1BDC89030007EA61 /* StayOnRoundAbout.png in Resources */ = {isa = PBXBuildFile; fileRef = 04BE56FC1BDC89030007EA61 /* StayOnRoundAbout.png */; };
		04BE570D1BDC89030007EA61 /* Headon.png in Resources */ = {isa = PBXBuildFile; fileRef = 04BE56FD1BDC89030007EA61 /* Headon.png */; };
		04BE570E1BDC89030007EA61 /* NoTurn.png in Resources */ = {isa = PBXBuildFile; fileRef = 04BE56FE1BDC89030007EA61 /* NoTurn.png */; };
		04BE570F1BDC89030007EA61 /* StartAtEndOfStreet.png in Resources */ = {isa = PBXBuildFile; fileRef = 04BE56FF1BDC89030007EA61 /* StartAtEndOfStreet.png */; };
		04BE57101BDC89030007EA61 /* TurnSlightLeft.png in Resources */ = {isa = PBXBuildFile; fileRef = 04BE57001BDC89030007EA61 /* TurnSlightLeft.png */; };
		04BE57111BDC89030007EA61 /* TurnSharpRight.png in Resources */ = {isa = PBXBuildFile; fileRef = 04BE57011BDC89030007EA61 /* TurnSharpRight.png */; };
		04BE57121BDC89030007EA61 /* EnterAgainstAllowedDirection.png in Resources */ = {isa = PBXBuildFile; fileRef = 04BE57021BDC89030007EA61 /* EnterAgainstAllowedDirection.png */; };
		04BE57131BDC89030007EA61 /* LeaveAgainstAllowedDirection.png in Resources */ = {isa = PBXBuildFile; fileRef = 04BE57031BDC89030007EA61 /* LeaveAgainstAllowedDirection.png */; };
		04BE57141BDC89030007EA61 /* TurnSharpLeft.png in Resources */ = {isa = PBXBuildFile; fileRef = 04BE57041BDC89030007EA61 /* TurnSharpLeft.png */; };
		04BE57151BDC89030007EA61 /* UTurn.png in Resources */ = {isa = PBXBuildFile; fileRef = 04BE57051BDC89030007EA61 /* UTurn.png */; };
		04BE57161BDC89030007EA61 /* TurnSlightRight.png in Resources */ = {isa = PBXBuildFile; fileRef = 04BE57061BDC89030007EA61 /* TurnSlightRight.png */; };
		04BE571D1BDC8E420007EA61 /* SubDirectionViewController.m in Sources */ = {isa = PBXBuildFile; fileRef = 04BE571C1BDC8E420007EA61 /* SubDirectionViewController.m */; };
		04BE57211BDCBD470007EA61 /* GoStraight.png in Resources */ = {isa = PBXBuildFile; fileRef = 04BE57201BDCBD470007EA61 /* GoStraight.png */; };
		04BE57231BDCC3D30007EA61 /* Next_Icon.png in Resources */ = {isa = PBXBuildFile; fileRef = 04BE57221BDCC3D30007EA61 /* Next_Icon.png */; };
		04BE57251BDCC5860007EA61 /* Icons8-Ios7-Arrows-Next.png in Resources */ = {isa = PBXBuildFile; fileRef = 04BE57241BDCC5860007EA61 /* Icons8-Ios7-Arrows-Next.png */; };
		04BE57281BDE07630007EA61 /* AmbiguousGeoViewController.m in Sources */ = {isa = PBXBuildFile; fileRef = 04BE57271BDE07630007EA61 /* AmbiguousGeoViewController.m */; };
		04E54DE71BE0EC7E0029A3D6 /* AccessRestrictionFlag.png in Resources */ = {isa = PBXBuildFile; fileRef = 04E54DE31BE0EC7E0029A3D6 /* AccessRestrictionFlag.png */; };
		04E54DE81BE0EC7E0029A3D6 /* InverseAccessRestrictionFlag.png in Resources */ = {isa = PBXBuildFile; fileRef = 04E54DE41BE0EC7E0029A3D6 /* InverseAccessRestrictionFlag.png */; };
		04E54DE91BE0EC7E0029A3D6 /* TurnLeft.png in Resources */ = {isa = PBXBuildFile; fileRef = 04E54DE51BE0EC7E0029A3D6 /* TurnLeft.png */; };
		04E54DEA1BE0EC7E0029A3D6 /* TurnRight.png in Resources */ = {isa = PBXBuildFile; fileRef = 04E54DE61BE0EC7E0029A3D6 /* TurnRight.png */; };
		04FBD0B61BE8700400535E68 /* PowerSwitch_User.png in Resources */ = {isa = PBXBuildFile; fileRef = 04FBD0B51BE8700400535E68 /* PowerSwitch_User.png */; };
		04FBD0B81BE870C200535E68 /* powerswitch1.png in Resources */ = {isa = PBXBuildFile; fileRef = 04FBD0B71BE870C200535E68 /* powerswitch1.png */; };
		451FF9FA7BA74E37ED5E5B0A /* Pods.framework in Frameworks */ = {isa = PBXBuildFile; fileRef = 7B68F61E0E4CB5A8F3B3D8CC /* Pods.framework */; };
/* End PBXBuildFile section */

/* Begin PBXFileReference section */
		041D01601BD4DAF200847FD3 /* MapBoxSystem.app */ = {isa = PBXFileReference; explicitFileType = wrapper.application; includeInIndex = 0; path = MapBoxSystem.app; sourceTree = BUILT_PRODUCTS_DIR; };
		041D01641BD4DAF200847FD3 /* main.m */ = {isa = PBXFileReference; lastKnownFileType = sourcecode.c.objc; path = main.m; sourceTree = "<group>"; };
		041D01661BD4DAF200847FD3 /* AppDelegate.h */ = {isa = PBXFileReference; lastKnownFileType = sourcecode.c.h; path = AppDelegate.h; sourceTree = "<group>"; };
		041D01671BD4DAF300847FD3 /* AppDelegate.m */ = {isa = PBXFileReference; lastKnownFileType = sourcecode.c.objc; path = AppDelegate.m; sourceTree = "<group>"; };
		041D01691BD4DAF300847FD3 /* ViewController.h */ = {isa = PBXFileReference; lastKnownFileType = sourcecode.c.h; path = ViewController.h; sourceTree = "<group>"; };
		041D016A1BD4DAF300847FD3 /* ViewController.m */ = {isa = PBXFileReference; lastKnownFileType = sourcecode.c.objc; path = ViewController.m; sourceTree = "<group>"; };
		041D016D1BD4DAF300847FD3 /* Base */ = {isa = PBXFileReference; lastKnownFileType = file.storyboard; name = Base; path = Base.lproj/Main.storyboard; sourceTree = "<group>"; };
		041D016F1BD4DAF300847FD3 /* Assets.xcassets */ = {isa = PBXFileReference; lastKnownFileType = folder.assetcatalog; path = Assets.xcassets; sourceTree = "<group>"; };
		041D01721BD4DAF300847FD3 /* Base */ = {isa = PBXFileReference; lastKnownFileType = file.storyboard; name = Base; path = Base.lproj/LaunchScreen.storyboard; sourceTree = "<group>"; };
		041D01741BD4DAF300847FD3 /* Info.plist */ = {isa = PBXFileReference; lastKnownFileType = text.plist.xml; path = Info.plist; sourceTree = "<group>"; };
		041D017A1BD4DDB000847FD3 /* Settings.bundle */ = {isa = PBXFileReference; lastKnownFileType = "wrapper.plug-in"; name = Settings.bundle; path = ../../../../Downloads/Settings.bundle; sourceTree = "<group>"; };
		041D017C1BD4DF5F00847FD3 /* MDDirectionService.h */ = {isa = PBXFileReference; fileEncoding = 4; lastKnownFileType = sourcecode.c.h; path = MDDirectionService.h; sourceTree = "<group>"; };
		041D017D1BD4DF5F00847FD3 /* MDDirectionService.m */ = {isa = PBXFileReference; fileEncoding = 4; lastKnownFileType = sourcecode.c.objc; path = MDDirectionService.m; sourceTree = "<group>"; };
		041D017F1BD4EB8B00847FD3 /* SearchViewController.h */ = {isa = PBXFileReference; fileEncoding = 4; lastKnownFileType = sourcecode.c.h; path = SearchViewController.h; sourceTree = "<group>"; };
		041D01801BD4EB8B00847FD3 /* SearchViewController.m */ = {isa = PBXFileReference; fileEncoding = 4; lastKnownFileType = sourcecode.c.objc; path = SearchViewController.m; sourceTree = "<group>"; };
		041D01821BD4EBB200847FD3 /* GCGeocodingService.h */ = {isa = PBXFileReference; fileEncoding = 4; lastKnownFileType = sourcecode.c.h; path = GCGeocodingService.h; sourceTree = "<group>"; };
		041D01831BD4EBB200847FD3 /* GCGeocodingService.m */ = {isa = PBXFileReference; fileEncoding = 4; lastKnownFileType = sourcecode.c.objc; path = GCGeocodingService.m; sourceTree = "<group>"; };
		041D01851BD4EBEA00847FD3 /* DirectionMainViewController.h */ = {isa = PBXFileReference; fileEncoding = 4; lastKnownFileType = sourcecode.c.h; path = DirectionMainViewController.h; sourceTree = "<group>"; };
		041D01861BD4EBEA00847FD3 /* DirectionMainViewController.m */ = {isa = PBXFileReference; fileEncoding = 4; lastKnownFileType = sourcecode.c.objc; path = DirectionMainViewController.m; sourceTree = "<group>"; };
		041D01881BD4EC1400847FD3 /* DetailsViewController.h */ = {isa = PBXFileReference; fileEncoding = 4; lastKnownFileType = sourcecode.c.h; path = DetailsViewController.h; sourceTree = "<group>"; };
		041D01891BD4EC1400847FD3 /* DetailsViewController.m */ = {isa = PBXFileReference; fileEncoding = 4; lastKnownFileType = sourcecode.c.objc; path = DetailsViewController.m; sourceTree = "<group>"; };
		041D018B1BD4EC3800847FD3 /* ContainerViewController.h */ = {isa = PBXFileReference; fileEncoding = 4; lastKnownFileType = sourcecode.c.h; path = ContainerViewController.h; sourceTree = "<group>"; };
		041D018C1BD4EC3800847FD3 /* ContainerViewController.m */ = {isa = PBXFileReference; fileEncoding = 4; lastKnownFileType = sourcecode.c.objc; path = ContainerViewController.m; sourceTree = "<group>"; };
		041D018E1BD4EC6100847FD3 /* DetailsContainerVC.h */ = {isa = PBXFileReference; fileEncoding = 4; lastKnownFileType = sourcecode.c.h; path = DetailsContainerVC.h; sourceTree = "<group>"; };
		041D018F1BD4EC6100847FD3 /* DetailsContainerVC.m */ = {isa = PBXFileReference; fileEncoding = 4; lastKnownFileType = sourcecode.c.objc; path = DetailsContainerVC.m; sourceTree = "<group>"; };
		041D01911BD739A500847FD3 /* InputAddressViewController.h */ = {isa = PBXFileReference; fileEncoding = 4; lastKnownFileType = sourcecode.c.h; path = InputAddressViewController.h; sourceTree = "<group>"; };
		041D01921BD739A500847FD3 /* InputAddressViewController.m */ = {isa = PBXFileReference; fileEncoding = 4; lastKnownFileType = sourcecode.c.objc; path = InputAddressViewController.m; sourceTree = "<group>"; };
		0438ABBE1BD90A0A007F9EA9 /* MBProgressHUD.h */ = {isa = PBXFileReference; fileEncoding = 4; lastKnownFileType = sourcecode.c.h; path = MBProgressHUD.h; sourceTree = "<group>"; };
		0438ABBF1BD90A0A007F9EA9 /* MBProgressHUD.m */ = {isa = PBXFileReference; fileEncoding = 4; lastKnownFileType = sourcecode.c.objc; path = MBProgressHUD.m; sourceTree = "<group>"; };
		04BE56D21BDA226A0007EA61 /* HistoryTableViewCell.h */ = {isa = PBXFileReference; fileEncoding = 4; lastKnownFileType = sourcecode.c.h; path = HistoryTableViewCell.h; sourceTree = "<group>"; };
		04BE56D31BDA226A0007EA61 /* HistoryTableViewCell.m */ = {isa = PBXFileReference; fileEncoding = 4; lastKnownFileType = sourcecode.c.objc; path = HistoryTableViewCell.m; sourceTree = "<group>"; };
		04BE56D41BDA226A0007EA61 /* HistoryTableViewCell.xib */ = {isa = PBXFileReference; fileEncoding = 4; lastKnownFileType = file.xib; path = HistoryTableViewCell.xib; sourceTree = "<group>"; };
		04BE56DC1BDB4EF70007EA61 /* HistoryTableViewController.h */ = {isa = PBXFileReference; fileEncoding = 4; lastKnownFileType = sourcecode.c.h; path = HistoryTableViewController.h; sourceTree = "<group>"; };
		04BE56DD1BDB4EF70007EA61 /* HistoryTableViewController.m */ = {isa = PBXFileReference; fileEncoding = 4; lastKnownFileType = sourcecode.c.objc; path = HistoryTableViewController.m; sourceTree = "<group>"; };
		04BE56E01BDB53EE0007EA61 /* SingleHistoryTabelViewCell.h */ = {isa = PBXFileReference; fileEncoding = 4; lastKnownFileType = sourcecode.c.h; path = SingleHistoryTabelViewCell.h; sourceTree = "<group>"; };
		04BE56E11BDB53EE0007EA61 /* SingleHistoryTabelViewCell.m */ = {isa = PBXFileReference; fileEncoding = 4; lastKnownFileType = sourcecode.c.objc; path = SingleHistoryTabelViewCell.m; sourceTree = "<group>"; };
		04BE56E21BDB53EE0007EA61 /* SingleHistoryTabelViewCell.xib */ = {isa = PBXFileReference; fileEncoding = 4; lastKnownFileType = file.xib; path = SingleHistoryTabelViewCell.xib; sourceTree = "<group>"; };
		04BE56E51BDB567C0007EA61 /* gps-mapping.png */ = {isa = PBXFileReference; lastKnownFileType = image.png; path = "gps-mapping.png"; sourceTree = "<group>"; };
		04BE56E61BDB567C0007EA61 /* mapbox_symbol.png */ = {isa = PBXFileReference; lastKnownFileType = image.png; path = mapbox_symbol.png; sourceTree = "<group>"; };
		04BE56E91BDB581D0007EA61 /* MB__back.png */ = {isa = PBXFileReference; lastKnownFileType = image.png; path = MB__back.png; sourceTree = "<group>"; };
		04BE56EB1BDB583C0007EA61 /* Icons8-Ios7-Arrows-Back.ico */ = {isa = PBXFileReference; lastKnownFileType = image.ico; path = "Icons8-Ios7-Arrows-Back.ico"; sourceTree = "<group>"; };
		04BE56ED1BDB58E70007EA61 /* ic_search_48px-128.png */ = {isa = PBXFileReference; lastKnownFileType = image.png; path = "ic_search_48px-128.png"; sourceTree = "<group>"; };
		04BE56EF1BDBB7700007EA61 /* DetailsTableViewController.h */ = {isa = PBXFileReference; fileEncoding = 4; lastKnownFileType = sourcecode.c.h; path = DetailsTableViewController.h; sourceTree = "<group>"; };
		04BE56F01BDBB7700007EA61 /* DetailsTableViewController.m */ = {isa = PBXFileReference; fileEncoding = 4; lastKnownFileType = sourcecode.c.objc; path = DetailsTableViewController.m; sourceTree = "<group>"; };
		04BE56F21BDBB85D0007EA61 /* DetailsTableViewCell.h */ = {isa = PBXFileReference; fileEncoding = 4; lastKnownFileType = sourcecode.c.h; path = DetailsTableViewCell.h; sourceTree = "<group>"; };
		04BE56F31BDBB85D0007EA61 /* DetailsTableViewCell.m */ = {isa = PBXFileReference; fileEncoding = 4; lastKnownFileType = sourcecode.c.objc; path = DetailsTableViewCell.m; sourceTree = "<group>"; };
		04BE56F41BDBB85D0007EA61 /* DetailsTableViewCell.xib */ = {isa = PBXFileReference; fileEncoding = 4; lastKnownFileType = file.xib; path = DetailsTableViewCell.xib; sourceTree = "<group>"; };
		04BE56F71BDC89030007EA61 /* ReachedYourDestination.png */ = {isa = PBXFileReference; lastKnownFileType = image.png; path = ReachedYourDestination.png; sourceTree = "<group>"; };
		04BE56FA1BDC89030007EA61 /* EnterRoundAbout.png */ = {isa = PBXFileReference; lastKnownFileType = image.png; path = EnterRoundAbout.png; sourceTree = "<group>"; };
		04BE56FB1BDC89030007EA61 /* LeaveRoundAbout.png */ = {isa = PBXFileReference; lastKnownFileType = image.png; path = LeaveRoundAbout.png; sourceTree = "<group>"; };
		04BE56FC1BDC89030007EA61 /* StayOnRoundAbout.png */ = {isa = PBXFileReference; lastKnownFileType = image.png; path = StayOnRoundAbout.png; sourceTree = "<group>"; };
		04BE56FD1BDC89030007EA61 /* Headon.png */ = {isa = PBXFileReference; lastKnownFileType = image.png; path = Headon.png; sourceTree = "<group>"; };
		04BE56FE1BDC89030007EA61 /* NoTurn.png */ = {isa = PBXFileReference; lastKnownFileType = image.png; path = NoTurn.png; sourceTree = "<group>"; };
		04BE56FF1BDC89030007EA61 /* StartAtEndOfStreet.png */ = {isa = PBXFileReference; lastKnownFileType = image.png; path = StartAtEndOfStreet.png; sourceTree = "<group>"; };
		04BE57001BDC89030007EA61 /* TurnSlightLeft.png */ = {isa = PBXFileReference; lastKnownFileType = image.png; path = TurnSlightLeft.png; sourceTree = "<group>"; };
		04BE57011BDC89030007EA61 /* TurnSharpRight.png */ = {isa = PBXFileReference; lastKnownFileType = image.png; path = TurnSharpRight.png; sourceTree = "<group>"; };
		04BE57021BDC89030007EA61 /* EnterAgainstAllowedDirection.png */ = {isa = PBXFileReference; lastKnownFileType = image.png; path = EnterAgainstAllowedDirection.png; sourceTree = "<group>"; };
		04BE57031BDC89030007EA61 /* LeaveAgainstAllowedDirection.png */ = {isa = PBXFileReference; lastKnownFileType = image.png; path = LeaveAgainstAllowedDirection.png; sourceTree = "<group>"; };
		04BE57041BDC89030007EA61 /* TurnSharpLeft.png */ = {isa = PBXFileReference; lastKnownFileType = image.png; path = TurnSharpLeft.png; sourceTree = "<group>"; };
		04BE57051BDC89030007EA61 /* UTurn.png */ = {isa = PBXFileReference; lastKnownFileType = image.png; path = UTurn.png; sourceTree = "<group>"; };
		04BE57061BDC89030007EA61 /* TurnSlightRight.png */ = {isa = PBXFileReference; lastKnownFileType = image.png; path = TurnSlightRight.png; sourceTree = "<group>"; };
		04BE571B1BDC8E420007EA61 /* SubDirectionViewController.h */ = {isa = PBXFileReference; fileEncoding = 4; lastKnownFileType = sourcecode.c.h; path = SubDirectionViewController.h; sourceTree = "<group>"; };
		04BE571C1BDC8E420007EA61 /* SubDirectionViewController.m */ = {isa = PBXFileReference; fileEncoding = 4; lastKnownFileType = sourcecode.c.objc; path = SubDirectionViewController.m; sourceTree = "<group>"; };
		04BE57201BDCBD470007EA61 /* GoStraight.png */ = {isa = PBXFileReference; lastKnownFileType = image.png; path = GoStraight.png; sourceTree = "<group>"; };
		04BE57221BDCC3D30007EA61 /* Next_Icon.png */ = {isa = PBXFileReference; lastKnownFileType = image.png; path = Next_Icon.png; sourceTree = "<group>"; };
		04BE57241BDCC5860007EA61 /* Icons8-Ios7-Arrows-Next.png */ = {isa = PBXFileReference; lastKnownFileType = image.png; path = "Icons8-Ios7-Arrows-Next.png"; sourceTree = "<group>"; };
		04BE57261BDE07630007EA61 /* AmbiguousGeoViewController.h */ = {isa = PBXFileReference; fileEncoding = 4; lastKnownFileType = sourcecode.c.h; path = AmbiguousGeoViewController.h; sourceTree = "<group>"; };
		04BE57271BDE07630007EA61 /* AmbiguousGeoViewController.m */ = {isa = PBXFileReference; fileEncoding = 4; lastKnownFileType = sourcecode.c.objc; path = AmbiguousGeoViewController.m; sourceTree = "<group>"; };
		04E54DE31BE0EC7E0029A3D6 /* AccessRestrictionFlag.png */ = {isa = PBXFileReference; lastKnownFileType = image.png; path = AccessRestrictionFlag.png; sourceTree = "<group>"; };
		04E54DE41BE0EC7E0029A3D6 /* InverseAccessRestrictionFlag.png */ = {isa = PBXFileReference; lastKnownFileType = image.png; path = InverseAccessRestrictionFlag.png; sourceTree = "<group>"; };
		04E54DE51BE0EC7E0029A3D6 /* TurnLeft.png */ = {isa = PBXFileReference; lastKnownFileType = image.png; path = TurnLeft.png; sourceTree = "<group>"; };
		04E54DE61BE0EC7E0029A3D6 /* TurnRight.png */ = {isa = PBXFileReference; lastKnownFileType = image.png; path = TurnRight.png; sourceTree = "<group>"; };
		04FBD0B51BE8700400535E68 /* PowerSwitch_User.png */ = {isa = PBXFileReference; lastKnownFileType = image.png; path = PowerSwitch_User.png; sourceTree = "<group>"; };
		04FBD0B71BE870C200535E68 /* powerswitch1.png */ = {isa = PBXFileReference; lastKnownFileType = image.png; path = powerswitch1.png; sourceTree = "<group>"; };
		5D0994BC88B36CFC5BF300BD /* Pods.debug.xcconfig */ = {isa = PBXFileReference; includeInIndex = 1; lastKnownFileType = text.xcconfig; name = Pods.debug.xcconfig; path = "Pods/Target Support Files/Pods/Pods.debug.xcconfig"; sourceTree = "<group>"; };
		7B68F61E0E4CB5A8F3B3D8CC /* Pods.framework */ = {isa = PBXFileReference; explicitFileType = wrapper.framework; includeInIndex = 0; path = Pods.framework; sourceTree = BUILT_PRODUCTS_DIR; };
		80D0FC9DBC2BC4A3E480F22C /* Pods.release.xcconfig */ = {isa = PBXFileReference; includeInIndex = 1; lastKnownFileType = text.xcconfig; name = Pods.release.xcconfig; path = "Pods/Target Support Files/Pods/Pods.release.xcconfig"; sourceTree = "<group>"; };
/* End PBXFileReference section */

/* Begin PBXFrameworksBuildPhase section */
		041D015D1BD4DAF200847FD3 /* Frameworks */ = {
			isa = PBXFrameworksBuildPhase;
			buildActionMask = 2147483647;
			files = (
				451FF9FA7BA74E37ED5E5B0A /* Pods.framework in Frameworks */,
			);
			runOnlyForDeploymentPostprocessing = 0;
		};
/* End PBXFrameworksBuildPhase section */

/* Begin PBXGroup section */
		041D01571BD4DAF200847FD3 = {
			isa = PBXGroup;
			children = (
				041D01621BD4DAF200847FD3 /* MapBoxSystem */,
				041D01611BD4DAF200847FD3 /* Products */,
				D31FB32A303F17D28CEAE35D /* Pods */,
				CF522FE58C58734817AF9DD3 /* Frameworks */,
			);
			sourceTree = "<group>";
		};
		041D01611BD4DAF200847FD3 /* Products */ = {
			isa = PBXGroup;
			children = (
				041D01601BD4DAF200847FD3 /* MapBoxSystem.app */,
			);
			name = Products;
			sourceTree = "<group>";
		};
		041D01621BD4DAF200847FD3 /* MapBoxSystem */ = {
			isa = PBXGroup;
			children = (
				0438ABBE1BD90A0A007F9EA9 /* MBProgressHUD.h */,
				0438ABBF1BD90A0A007F9EA9 /* MBProgressHUD.m */,
				041D017A1BD4DDB000847FD3 /* Settings.bundle */,
				041D01661BD4DAF200847FD3 /* AppDelegate.h */,
				041D01671BD4DAF300847FD3 /* AppDelegate.m */,
				041D01691BD4DAF300847FD3 /* ViewController.h */,
				041D016A1BD4DAF300847FD3 /* ViewController.m */,
				041D01911BD739A500847FD3 /* InputAddressViewController.h */,
				041D01921BD739A500847FD3 /* InputAddressViewController.m */,
				041D017F1BD4EB8B00847FD3 /* SearchViewController.h */,
				041D01801BD4EB8B00847FD3 /* SearchViewController.m */,
				04BE57261BDE07630007EA61 /* AmbiguousGeoViewController.h */,
				04BE57271BDE07630007EA61 /* AmbiguousGeoViewController.m */,
				041D01851BD4EBEA00847FD3 /* DirectionMainViewController.h */,
				041D01861BD4EBEA00847FD3 /* DirectionMainViewController.m */,
				04BE571B1BDC8E420007EA61 /* SubDirectionViewController.h */,
				04BE571C1BDC8E420007EA61 /* SubDirectionViewController.m */,
				041D01881BD4EC1400847FD3 /* DetailsViewController.h */,
				041D01891BD4EC1400847FD3 /* DetailsViewController.m */,
				04BE56DF1BDB53BC0007EA61 /* CellsSet */,
				04BE56D81BDA62030007EA61 /* ContainerCollection */,
				041D016C1BD4DAF300847FD3 /* Main.storyboard */,
				041D016F1BD4DAF300847FD3 /* Assets.xcassets */,
				041D01711BD4DAF300847FD3 /* LaunchScreen.storyboard */,
				041D01741BD4DAF300847FD3 /* Info.plist */,
				04BE56D71BDA5B8B0007EA61 /* image */,
				041D01631BD4DAF200847FD3 /* Supporting Files */,
				041D017C1BD4DF5F00847FD3 /* MDDirectionService.h */,
				041D017D1BD4DF5F00847FD3 /* MDDirectionService.m */,
				041D01821BD4EBB200847FD3 /* GCGeocodingService.h */,
				041D01831BD4EBB200847FD3 /* GCGeocodingService.m */,
			);
			path = MapBoxSystem;
			sourceTree = "<group>";
		};
		041D01631BD4DAF200847FD3 /* Supporting Files */ = {
			isa = PBXGroup;
			children = (
				041D01641BD4DAF200847FD3 /* main.m */,
			);
			name = "Supporting Files";
			sourceTree = "<group>";
		};
		04BE56D71BDA5B8B0007EA61 /* image */ = {
			isa = PBXGroup;
			children = (
				04FBD0B71BE870C200535E68 /* powerswitch1.png */,
				04FBD0B51BE8700400535E68 /* PowerSwitch_User.png */,
				04E54DE31BE0EC7E0029A3D6 /* AccessRestrictionFlag.png */,
				04E54DE41BE0EC7E0029A3D6 /* InverseAccessRestrictionFlag.png */,
				04E54DE51BE0EC7E0029A3D6 /* TurnLeft.png */,
				04E54DE61BE0EC7E0029A3D6 /* TurnRight.png */,
				04BE57241BDCC5860007EA61 /* Icons8-Ios7-Arrows-Next.png */,
				04BE57221BDCC3D30007EA61 /* Next_Icon.png */,
				04BE57201BDCBD470007EA61 /* GoStraight.png */,
				04BE56F71BDC89030007EA61 /* ReachedYourDestination.png */,
				04BE56FA1BDC89030007EA61 /* EnterRoundAbout.png */,
				04BE56FB1BDC89030007EA61 /* LeaveRoundAbout.png */,
				04BE56FC1BDC89030007EA61 /* StayOnRoundAbout.png */,
				04BE56FD1BDC89030007EA61 /* Headon.png */,
				04BE56FE1BDC89030007EA61 /* NoTurn.png */,
				04BE56FF1BDC89030007EA61 /* StartAtEndOfStreet.png */,
				04BE57001BDC89030007EA61 /* TurnSlightLeft.png */,
				04BE57011BDC89030007EA61 /* TurnSharpRight.png */,
				04BE57021BDC89030007EA61 /* EnterAgainstAllowedDirection.png */,
				04BE57031BDC89030007EA61 /* LeaveAgainstAllowedDirection.png */,
				04BE57041BDC89030007EA61 /* TurnSharpLeft.png */,
				04BE57051BDC89030007EA61 /* UTurn.png */,
				04BE57061BDC89030007EA61 /* TurnSlightRight.png */,
				04BE56ED1BDB58E70007EA61 /* ic_search_48px-128.png */,
				04BE56EB1BDB583C0007EA61 /* Icons8-Ios7-Arrows-Back.ico */,
				04BE56E91BDB581D0007EA61 /* MB__back.png */,
				04BE56E51BDB567C0007EA61 /* gps-mapping.png */,
				04BE56E61BDB567C0007EA61 /* mapbox_symbol.png */,
			);
			name = image;
			sourceTree = "<group>";
		};
		04BE56D81BDA62030007EA61 /* ContainerCollection */ = {
			isa = PBXGroup;
			children = (
				04BE56EF1BDBB7700007EA61 /* DetailsTableViewController.h */,
				04BE56F01BDBB7700007EA61 /* DetailsTableViewController.m */,
				041D018B1BD4EC3800847FD3 /* ContainerViewController.h */,
				041D018C1BD4EC3800847FD3 /* ContainerViewController.m */,
				041D018E1BD4EC6100847FD3 /* DetailsContainerVC.h */,
				041D018F1BD4EC6100847FD3 /* DetailsContainerVC.m */,
				04BE56DC1BDB4EF70007EA61 /* HistoryTableViewController.h */,
				04BE56DD1BDB4EF70007EA61 /* HistoryTableViewController.m */,
			);
			name = ContainerCollection;
			sourceTree = "<group>";
		};
		04BE56DF1BDB53BC0007EA61 /* CellsSet */ = {
			isa = PBXGroup;
			children = (
				04BE56D21BDA226A0007EA61 /* HistoryTableViewCell.h */,
				04BE56D31BDA226A0007EA61 /* HistoryTableViewCell.m */,
				04BE56D41BDA226A0007EA61 /* HistoryTableViewCell.xib */,
				04BE56E01BDB53EE0007EA61 /* SingleHistoryTabelViewCell.h */,
				04BE56E11BDB53EE0007EA61 /* SingleHistoryTabelViewCell.m */,
				04BE56E21BDB53EE0007EA61 /* SingleHistoryTabelViewCell.xib */,
				04BE56F21BDBB85D0007EA61 /* DetailsTableViewCell.h */,
				04BE56F31BDBB85D0007EA61 /* DetailsTableViewCell.m */,
				04BE56F41BDBB85D0007EA61 /* DetailsTableViewCell.xib */,
			);
			name = CellsSet;
			sourceTree = "<group>";
		};
		CF522FE58C58734817AF9DD3 /* Frameworks */ = {
			isa = PBXGroup;
			children = (
				7B68F61E0E4CB5A8F3B3D8CC /* Pods.framework */,
			);
			name = Frameworks;
			sourceTree = "<group>";
		};
		D31FB32A303F17D28CEAE35D /* Pods */ = {
			isa = PBXGroup;
			children = (
				5D0994BC88B36CFC5BF300BD /* Pods.debug.xcconfig */,
				80D0FC9DBC2BC4A3E480F22C /* Pods.release.xcconfig */,
			);
			name = Pods;
			sourceTree = "<group>";
		};
/* End PBXGroup section */

/* Begin PBXNativeTarget section */
		041D015F1BD4DAF200847FD3 /* MapBoxSystem */ = {
			isa = PBXNativeTarget;
			buildConfigurationList = 041D01771BD4DAF300847FD3 /* Build configuration list for PBXNativeTarget "MapBoxSystem" */;
			buildPhases = (
				DA6513F072A656B58F5E084E /* Check Pods Manifest.lock */,
				041D015C1BD4DAF200847FD3 /* Sources */,
				041D015D1BD4DAF200847FD3 /* Frameworks */,
				041D015E1BD4DAF200847FD3 /* Resources */,
				69D75F11645DACD370222AF1 /* Embed Pods Frameworks */,
				71AE436E9257370F9B80992A /* Copy Pods Resources */,
			);
			buildRules = (
			);
			dependencies = (
			);
			name = MapBoxSystem;
			productName = MapBoxSystem;
			productReference = 041D01601BD4DAF200847FD3 /* MapBoxSystem.app */;
			productType = "com.apple.product-type.application";
		};
/* End PBXNativeTarget section */

/* Begin PBXProject section */
		041D01581BD4DAF200847FD3 /* Project object */ = {
			isa = PBXProject;
			attributes = {
				LastUpgradeCheck = 0700;
				ORGANIZATIONNAME = "Michael Chen";
				TargetAttributes = {
					041D015F1BD4DAF200847FD3 = {
						CreatedOnToolsVersion = 7.0.1;
						DevelopmentTeam = 23SG6VNTXG;
						SystemCapabilities = {
							com.apple.BackgroundModes = {
								enabled = 1;
							};
						};
					};
				};
			};
			buildConfigurationList = 041D015B1BD4DAF200847FD3 /* Build configuration list for PBXProject "MapBoxSystem" */;
			compatibilityVersion = "Xcode 3.2";
			developmentRegion = English;
			hasScannedForEncodings = 0;
			knownRegions = (
				en,
				Base,
			);
			mainGroup = 041D01571BD4DAF200847FD3;
			productRefGroup = 041D01611BD4DAF200847FD3 /* Products */;
			projectDirPath = "";
			projectRoot = "";
			targets = (
				041D015F1BD4DAF200847FD3 /* MapBoxSystem */,
			);
		};
/* End PBXProject section */

/* Begin PBXResourcesBuildPhase section */
		041D015E1BD4DAF200847FD3 /* Resources */ = {
			isa = PBXResourcesBuildPhase;
			buildActionMask = 2147483647;
			files = (
				04BE56E81BDB567C0007EA61 /* mapbox_symbol.png in Resources */,
				04BE56E41BDB53EE0007EA61 /* SingleHistoryTabelViewCell.xib in Resources */,
				04BE57251BDCC5860007EA61 /* Icons8-Ios7-Arrows-Next.png in Resources */,
				04BE56F61BDBB85D0007EA61 /* DetailsTableViewCell.xib in Resources */,
				04BE57161BDC89030007EA61 /* TurnSlightRight.png in Resources */,
				04BE56EC1BDB583C0007EA61 /* Icons8-Ios7-Arrows-Back.ico in Resources */,
				04BE57231BDCC3D30007EA61 /* Next_Icon.png in Resources */,
				04FBD0B81BE870C200535E68 /* powerswitch1.png in Resources */,
				04BE570D1BDC89030007EA61 /* Headon.png in Resources */,
				041D017B1BD4DDB000847FD3 /* Settings.bundle in Resources */,
				04BE570E1BDC89030007EA61 /* NoTurn.png in Resources */,
				04BE57141BDC89030007EA61 /* TurnSharpLeft.png in Resources */,
				04BE57131BDC89030007EA61 /* LeaveAgainstAllowedDirection.png in Resources */,
				04BE57071BDC89030007EA61 /* ReachedYourDestination.png in Resources */,
				04BE57151BDC89030007EA61 /* UTurn.png in Resources */,
				04BE570B1BDC89030007EA61 /* LeaveRoundAbout.png in Resources */,
				04BE570F1BDC89030007EA61 /* StartAtEndOfStreet.png in Resources */,
				04BE570A1BDC89030007EA61 /* EnterRoundAbout.png in Resources */,
				04BE56D61BDA226A0007EA61 /* HistoryTableViewCell.xib in Resources */,
				04E54DEA1BE0EC7E0029A3D6 /* TurnRight.png in Resources */,
				04E54DE71BE0EC7E0029A3D6 /* AccessRestrictionFlag.png in Resources */,
				04E54DE91BE0EC7E0029A3D6 /* TurnLeft.png in Resources */,
				04BE570C1BDC89030007EA61 /* StayOnRoundAbout.png in Resources */,
				04BE57211BDCBD470007EA61 /* GoStraight.png in Resources */,
				04E54DE81BE0EC7E0029A3D6 /* InverseAccessRestrictionFlag.png in Resources */,
				041D01731BD4DAF300847FD3 /* LaunchScreen.storyboard in Resources */,
				04BE57111BDC89030007EA61 /* TurnSharpRight.png in Resources */,
				04FBD0B61BE8700400535E68 /* PowerSwitch_User.png in Resources */,
				041D01701BD4DAF300847FD3 /* Assets.xcassets in Resources */,
				04BE57121BDC89030007EA61 /* EnterAgainstAllowedDirection.png in Resources */,
				04BE56EA1BDB581D0007EA61 /* MB__back.png in Resources */,
				04BE57101BDC89030007EA61 /* TurnSlightLeft.png in Resources */,
				041D016E1BD4DAF300847FD3 /* Main.storyboard in Resources */,
				04BE56E71BDB567C0007EA61 /* gps-mapping.png in Resources */,
				04BE56EE1BDB58E70007EA61 /* ic_search_48px-128.png in Resources */,
			);
			runOnlyForDeploymentPostprocessing = 0;
		};
/* End PBXResourcesBuildPhase section */

/* Begin PBXShellScriptBuildPhase section */
		69D75F11645DACD370222AF1 /* Embed Pods Frameworks */ = {
			isa = PBXShellScriptBuildPhase;
			buildActionMask = 2147483647;
			files = (
			);
			inputPaths = (
			);
			name = "Embed Pods Frameworks";
			outputPaths = (
			);
			runOnlyForDeploymentPostprocessing = 0;
			shellPath = /bin/sh;
			shellScript = "\"${SRCROOT}/Pods/Target Support Files/Pods/Pods-frameworks.sh\"\n";
			showEnvVarsInLog = 0;
		};
		71AE436E9257370F9B80992A /* Copy Pods Resources */ = {
			isa = PBXShellScriptBuildPhase;
			buildActionMask = 2147483647;
			files = (
			);
			inputPaths = (
			);
			name = "Copy Pods Resources";
			outputPaths = (
			);
			runOnlyForDeploymentPostprocessing = 0;
			shellPath = /bin/sh;
			shellScript = "\"${SRCROOT}/Pods/Target Support Files/Pods/Pods-resources.sh\"\n";
			showEnvVarsInLog = 0;
		};
		DA6513F072A656B58F5E084E /* Check Pods Manifest.lock */ = {
			isa = PBXShellScriptBuildPhase;
			buildActionMask = 2147483647;
			files = (
			);
			inputPaths = (
			);
			name = "Check Pods Manifest.lock";
			outputPaths = (
			);
			runOnlyForDeploymentPostprocessing = 0;
			shellPath = /bin/sh;
			shellScript = "diff \"${PODS_ROOT}/../Podfile.lock\" \"${PODS_ROOT}/Manifest.lock\" > /dev/null\nif [[ $? != 0 ]] ; then\n    cat << EOM\nerror: The sandbox is not in sync with the Podfile.lock. Run 'pod install' or update your CocoaPods installation.\nEOM\n    exit 1\nfi\n";
			showEnvVarsInLog = 0;
		};
/* End PBXShellScriptBuildPhase section */

/* Begin PBXSourcesBuildPhase section */
		041D015C1BD4DAF200847FD3 /* Sources */ = {
			isa = PBXSourcesBuildPhase;
			buildActionMask = 2147483647;
			files = (
				041D016B1BD4DAF300847FD3 /* ViewController.m in Sources */,
				041D01841BD4EBB200847FD3 /* GCGeocodingService.m in Sources */,
				04BE56DE1BDB4EF70007EA61 /* HistoryTableViewController.m in Sources */,
				041D018D1BD4EC3800847FD3 /* ContainerViewController.m in Sources */,
				04BE56F11BDBB7700007EA61 /* DetailsTableViewController.m in Sources */,
				04BE56E31BDB53EE0007EA61 /* SingleHistoryTabelViewCell.m in Sources */,
				041D01681BD4DAF300847FD3 /* AppDelegate.m in Sources */,
				041D01871BD4EBEA00847FD3 /* DirectionMainViewController.m in Sources */,
				041D01811BD4EB8B00847FD3 /* SearchViewController.m in Sources */,
				041D017E1BD4DF5F00847FD3 /* MDDirectionService.m in Sources */,
				0438ABC01BD90A0A007F9EA9 /* MBProgressHUD.m in Sources */,
				04BE56F51BDBB85D0007EA61 /* DetailsTableViewCell.m in Sources */,
				041D01901BD4EC6100847FD3 /* DetailsContainerVC.m in Sources */,
				04BE571D1BDC8E420007EA61 /* SubDirectionViewController.m in Sources */,
				041D01651BD4DAF200847FD3 /* main.m in Sources */,
				041D01931BD739A500847FD3 /* InputAddressViewController.m in Sources */,
				04BE56D51BDA226A0007EA61 /* HistoryTableViewCell.m in Sources */,
				041D018A1BD4EC1400847FD3 /* DetailsViewController.m in Sources */,
				04BE57281BDE07630007EA61 /* AmbiguousGeoViewController.m in Sources */,
			);
			runOnlyForDeploymentPostprocessing = 0;
		};
/* End PBXSourcesBuildPhase section */

/* Begin PBXVariantGroup section */
		041D016C1BD4DAF300847FD3 /* Main.storyboard */ = {
			isa = PBXVariantGroup;
			children = (
				041D016D1BD4DAF300847FD3 /* Base */,
			);
			name = Main.storyboard;
			sourceTree = "<group>";
		};
		041D01711BD4DAF300847FD3 /* LaunchScreen.storyboard */ = {
			isa = PBXVariantGroup;
			children = (
				041D01721BD4DAF300847FD3 /* Base */,
			);
			name = LaunchScreen.storyboard;
			sourceTree = "<group>";
		};
/* End PBXVariantGroup section */

/* Begin XCBuildConfiguration section */
		041D01751BD4DAF300847FD3 /* Debug */ = {
			isa = XCBuildConfiguration;
			buildSettings = {
				ALWAYS_SEARCH_USER_PATHS = NO;
				CLANG_CXX_LANGUAGE_STANDARD = "gnu++0x";
				CLANG_CXX_LIBRARY = "libc++";
				CLANG_ENABLE_MODULES = YES;
				CLANG_ENABLE_OBJC_ARC = YES;
				CLANG_WARN_BOOL_CONVERSION = YES;
				CLANG_WARN_CONSTANT_CONVERSION = YES;
				CLANG_WARN_DIRECT_OBJC_ISA_USAGE = YES_ERROR;
				CLANG_WARN_EMPTY_BODY = YES;
				CLANG_WARN_ENUM_CONVERSION = YES;
				CLANG_WARN_INT_CONVERSION = YES;
				CLANG_WARN_OBJC_ROOT_CLASS = YES_ERROR;
				CLANG_WARN_UNREACHABLE_CODE = YES;
				CLANG_WARN__DUPLICATE_METHOD_MATCH = YES;
				"CODE_SIGN_IDENTITY[sdk=iphoneos*]" = "iPhone Developer";
				COPY_PHASE_STRIP = NO;
				DEBUG_INFORMATION_FORMAT = dwarf;
				ENABLE_STRICT_OBJC_MSGSEND = YES;
				ENABLE_TESTABILITY = YES;
				GCC_C_LANGUAGE_STANDARD = gnu99;
				GCC_DYNAMIC_NO_PIC = NO;
				GCC_NO_COMMON_BLOCKS = YES;
				GCC_OPTIMIZATION_LEVEL = 0;
				GCC_PREPROCESSOR_DEFINITIONS = (
					"DEBUG=1",
					"$(inherited)",
				);
				GCC_WARN_64_TO_32_BIT_CONVERSION = YES;
				GCC_WARN_ABOUT_RETURN_TYPE = YES_ERROR;
				GCC_WARN_UNDECLARED_SELECTOR = YES;
				GCC_WARN_UNINITIALIZED_AUTOS = YES_AGGRESSIVE;
				GCC_WARN_UNUSED_FUNCTION = YES;
				GCC_WARN_UNUSED_VARIABLE = YES;
				IPHONEOS_DEPLOYMENT_TARGET = 9.0;
				MTL_ENABLE_DEBUG_INFO = YES;
				ONLY_ACTIVE_ARCH = YES;
				SDKROOT = iphoneos;
			};
			name = Debug;
		};
		041D01761BD4DAF300847FD3 /* Release */ = {
			isa = XCBuildConfiguration;
			buildSettings = {
				ALWAYS_SEARCH_USER_PATHS = NO;
				CLANG_CXX_LANGUAGE_STANDARD = "gnu++0x";
				CLANG_CXX_LIBRARY = "libc++";
				CLANG_ENABLE_MODULES = YES;
				CLANG_ENABLE_OBJC_ARC = YES;
				CLANG_WARN_BOOL_CONVERSION = YES;
				CLANG_WARN_CONSTANT_CONVERSION = YES;
				CLANG_WARN_DIRECT_OBJC_ISA_USAGE = YES_ERROR;
				CLANG_WARN_EMPTY_BODY = YES;
				CLANG_WARN_ENUM_CONVERSION = YES;
				CLANG_WARN_INT_CONVERSION = YES;
				CLANG_WARN_OBJC_ROOT_CLASS = YES_ERROR;
				CLANG_WARN_UNREACHABLE_CODE = YES;
				CLANG_WARN__DUPLICATE_METHOD_MATCH = YES;
				"CODE_SIGN_IDENTITY[sdk=iphoneos*]" = "iPhone Developer";
				COPY_PHASE_STRIP = NO;
				DEBUG_INFORMATION_FORMAT = "dwarf-with-dsym";
				ENABLE_NS_ASSERTIONS = NO;
				ENABLE_STRICT_OBJC_MSGSEND = YES;
				GCC_C_LANGUAGE_STANDARD = gnu99;
				GCC_NO_COMMON_BLOCKS = YES;
				GCC_WARN_64_TO_32_BIT_CONVERSION = YES;
				GCC_WARN_ABOUT_RETURN_TYPE = YES_ERROR;
				GCC_WARN_UNDECLARED_SELECTOR = YES;
				GCC_WARN_UNINITIALIZED_AUTOS = YES_AGGRESSIVE;
				GCC_WARN_UNUSED_FUNCTION = YES;
				GCC_WARN_UNUSED_VARIABLE = YES;
				IPHONEOS_DEPLOYMENT_TARGET = 9.0;
				MTL_ENABLE_DEBUG_INFO = NO;
				SDKROOT = iphoneos;
				VALIDATE_PRODUCT = YES;
			};
			name = Release;
		};
		041D01781BD4DAF300847FD3 /* Debug */ = {
			isa = XCBuildConfiguration;
			baseConfigurationReference = 5D0994BC88B36CFC5BF300BD /* Pods.debug.xcconfig */;
			buildSettings = {
				ASSETCATALOG_COMPILER_APPICON_NAME = AppIcon;
				CODE_SIGN_IDENTITY = "iPhone Developer";
				ENABLE_BITCODE = NO;
				INFOPLIST_FILE = MapBoxSystem/Info.plist;
				IPHONEOS_DEPLOYMENT_TARGET = 8.4;
				LD_RUNPATH_SEARCH_PATHS = "$(inherited) @executable_path/Frameworks";
				PRODUCT_BUNDLE_IDENTIFIER = "Michael-Chen.MapBoxSystem";
				PRODUCT_NAME = "$(TARGET_NAME)";
			};
			name = Debug;
		};
		041D01791BD4DAF300847FD3 /* Release */ = {
			isa = XCBuildConfiguration;
			baseConfigurationReference = 80D0FC9DBC2BC4A3E480F22C /* Pods.release.xcconfig */;
			buildSettings = {
				ASSETCATALOG_COMPILER_APPICON_NAME = AppIcon;
				CODE_SIGN_IDENTITY = "iPhone Developer";
				ENABLE_BITCODE = NO;
				INFOPLIST_FILE = MapBoxSystem/Info.plist;
				IPHONEOS_DEPLOYMENT_TARGET = 8.4;
				LD_RUNPATH_SEARCH_PATHS = "$(inherited) @executable_path/Frameworks";
				PRODUCT_BUNDLE_IDENTIFIER = "Michael-Chen.MapBoxSystem";
				PRODUCT_NAME = "$(TARGET_NAME)";
			};
			name = Release;
		};
/* End XCBuildConfiguration section */

/* Begin XCConfigurationList section */
		041D015B1BD4DAF200847FD3 /* Build configuration list for PBXProject "MapBoxSystem" */ = {
			isa = XCConfigurationList;
			buildConfigurations = (
				041D01751BD4DAF300847FD3 /* Debug */,
				041D01761BD4DAF300847FD3 /* Release */,
			);
			defaultConfigurationIsVisible = 0;
			defaultConfigurationName = Release;
		};
		041D01771BD4DAF300847FD3 /* Build configuration list for PBXNativeTarget "MapBoxSystem" */ = {
			isa = XCConfigurationList;
			buildConfigurations = (
				041D01781BD4DAF300847FD3 /* Debug */,
				041D01791BD4DAF300847FD3 /* Release */,
			);
			defaultConfigurationIsVisible = 0;
			defaultConfigurationName = Release;
		};
/* End XCConfigurationList section */
	};
	rootObject = 041D01581BD4DAF200847FD3 /* Project object */;
}
